
Microsoft Visual Studio Solution File, Format Version 12.00
# Visual Studio Version 16
VisualStudioVersion = 16.0.30011.22
MinimumVisualStudioVersion = 10.0.40219.1
Project("{FAE04EC0-301F-11D3-BF4B-00C04F79EFBC}") = "Eyleen.INFRASTRUCTURE", "Eyleen.INFRASTRUCTURE\Eyleen.INFRASTRUCTURE.csproj", "{384967AA-642A-44A6-A8FD-7D5D38B75A80}"
EndProject
Project("{FAE04EC0-301F-11D3-BF4B-00C04F79EFBC}") = "Eyleen.CORE", "Eyleen.CORE\Eyleen.CORE.csproj", "{DDC932ED-3D12-40C9-B9A4-FDC58DE6D2BB}"
EndProject
Project("{2150E333-8FDC-42A3-9474-1A3956D46DE8}") = "Test", "Test", "{EAEC7655-C6B6-4DB9-B8D1-08455FCA9010}"
EndProject
Project("{FAE04EC0-301F-11D3-BF4B-00C04F79EFBC}") = "Eyleen.UnitTest", "Eyleen.UnitTest\Eyleen.UnitTest.csproj", "{501BA2D6-CC67-4958-9451-4B51AE06D68C}"
EndProject
Project("{FAE04EC0-301F-11D3-BF4B-00C04F79EFBC}") = "Eyleen.IntegrationTest", "Eyleen.IntegrationTest\Eyleen.IntegrationTest.csproj", "{9C93E3AD-31B5-41C5-A009-9A14F2E8349A}"
EndProject
Global
	GlobalSection(SolutionConfigurationPlatforms) = preSolution
		Debug|Any CPU = Debug|Any CPU
		Release|Any CPU = Release|Any CPU
	EndGlobalSection
	GlobalSection(ProjectConfigurationPlatforms) = postSolution
		{384967AA-642A-44A6-A8FD-7D5D38B75A80}.Debug|Any CPU.ActiveCfg = Debug|Any CPU
		{384967AA-642A-44A6-A8FD-7D5D38B75A80}.Debug|Any CPU.Build.0 = Debug|Any CPU
		{384967AA-642A-44A6-A8FD-7D5D38B75A80}.Release|Any CPU.ActiveCfg = Release|Any CPU
		{384967AA-642A-44A6-A8FD-7D5D38B75A80}.Release|Any CPU.Build.0 = Release|Any CPU
		{DDC932ED-3D12-40C9-B9A4-FDC58DE6D2BB}.Debug|Any CPU.ActiveCfg = Debug|Any CPU
		{DDC932ED-3D12-40C9-B9A4-FDC58DE6D2BB}.Debug|Any CPU.Build.0 = Debug|Any CPU
		{DDC932ED-3D12-40C9-B9A4-FDC58DE6D2BB}.Release|Any CPU.ActiveCfg = Release|Any CPU
		{DDC932ED-3D12-40C9-B9A4-FDC58DE6D2BB}.Release|Any CPU.Build.0 = Release|Any CPU
		{501BA2D6-CC67-4958-9451-4B51AE06D68C}.Debug|Any CPU.ActiveCfg = Debug|Any CPU
		{501BA2D6-CC67-4958-9451-4B51AE06D68C}.Debug|Any CPU.Build.0 = Debug|Any CPU
		{501BA2D6-CC67-4958-9451-4B51AE06D68C}.Release|Any CPU.ActiveCfg = Release|Any CPU
		{501BA2D6-CC67-4958-9451-4B51AE06D68C}.Release|Any CPU.Build.0 = Release|Any CPU
		{9C93E3AD-31B5-41C5-A009-9A14F2E8349A}.Debug|Any CPU.ActiveCfg = Debug|Any CPU
		{9C93E3AD-31B5-41C5-A009-9A14F2E8349A}.Debug|Any CPU.Build.0 = Debug|Any CPU
		{9C93E3AD-31B5-41C5-A009-9A14F2E8349A}.Release|Any CPU.ActiveCfg = Release|Any CPU
		{9C93E3AD-31B5-41C5-A009-9A14F2E8349A}.Release|Any CPU.Build.0 = Release|Any CPU
	EndGlobalSection
	GlobalSection(SolutionProperties) = preSolution
		HideSolutionNode = FALSE
	EndGlobalSection
	GlobalSection(NestedProjects) = preSolution
		{501BA2D6-CC67-4958-9451-4B51AE06D68C} = {EAEC7655-C6B6-4DB9-B8D1-08455FCA9010}
		{9C93E3AD-31B5-41C5-A009-9A14F2E8349A} = {EAEC7655-C6B6-4DB9-B8D1-08455FCA9010}
	EndGlobalSection
	GlobalSection(ExtensibilityGlobals) = postSolution
		SolutionGuid = {F0C4C992-6F72-4706-ADB1-FDD445C63866}
	EndGlobalSection
EndGlobal
